
Microsoft Visual Studio Solution File, Format Version 12.00
# Visual Studio Version 16
VisualStudioVersion = 16.0.30011.22
MinimumVisualStudioVersion = 10.0.40219.1
Project("{FAE04EC0-301F-11D3-BF4B-00C04F79EFBC}") = "MBS", "MBS\MBS.csproj", "{D9E6DD0C-1CBD-4B06-9AB2-C153F8657542}"
EndProject
Project("{FAE04EC0-301F-11D3-BF4B-00C04F79EFBC}") = "web", "web\web.csproj", "{8DB79783-E525-47A6-BE65-DE18111F7840}"
EndProject
Global
	GlobalSection(SolutionConfigurationPlatforms) = preSolution
		Debug|Any CPU = Debug|Any CPU
		Release|Any CPU = Release|Any CPU
	EndGlobalSection
	GlobalSection(ProjectConfigurationPlatforms) = postSolution
		{D9E6DD0C-1CBD-4B06-9AB2-C153F8657542}.Debug|Any CPU.ActiveCfg = Debug|Any CPU
		{D9E6DD0C-1CBD-4B06-9AB2-C153F8657542}.Debug|Any CPU.Build.0 = Debug|Any CPU
		{D9E6DD0C-1CBD-4B06-9AB2-C153F8657542}.Release|Any CPU.ActiveCfg = Release|Any CPU
		{D9E6DD0C-1CBD-4B06-9AB2-C153F8657542}.Release|Any CPU.Build.0 = Release|Any CPU
		{8DB79783-E525-47A6-BE65-DE18111F7840}.Debug|Any CPU.ActiveCfg = Debug|Any CPU
		{8DB79783-E525-47A6-BE65-DE18111F7840}.Debug|Any CPU.Build.0 = Debug|Any CPU
		{8DB79783-E525-47A6-BE65-DE18111F7840}.Release|Any CPU.ActiveCfg = Release|Any CPU
		{8DB79783-E525-47A6-BE65-DE18111F7840}.Release|Any CPU.Build.0 = Release|Any CPU
	EndGlobalSection
	GlobalSection(SolutionProperties) = preSolution
		HideSolutionNode = FALSE
	EndGlobalSection
	GlobalSection(ExtensibilityGlobals) = postSolution
		SolutionGuid = {912714F1-4F7C-41A6-AB42-DF34259052A3}
	EndGlobalSection
EndGlobal
